// !$*UTF8*$!
{
	archiveVersion = 1;
	classes = {
	};
	objectVersion = 77;
	objects = {

/* Begin PBXBuildFile section */
		10AB91AA2CACD29A00BFA2EC /* Preview Assets.xcassets in Resources */ = {isa = PBXBuildFile; fileRef = 10AB91A42CACD29A00BFA2EC /* Preview Assets.xcassets */; };
		10AB91AB2CACD29A00BFA2EC /* Assets.xcassets in Resources */ = {isa = PBXBuildFile; fileRef = 10AB91A62CACD29A00BFA2EC /* Assets.xcassets */; };
		10AB91AC2CACD29A00BFA2EC /* ContentView.swift in Sources */ = {isa = PBXBuildFile; fileRef = 10AB91A72CACD29A00BFA2EC /* ContentView.swift */; };
		10AB91AD2CACD29A00BFA2EC /* ModakApp.swift in Sources */ = {isa = PBXBuildFile; fileRef = 10AB91A82CACD29A00BFA2EC /* ModakApp.swift */; };
		10AB91D42CACD79300BFA2EC /* ProfileView.swift in Sources */ = {isa = PBXBuildFile; fileRef = 10AB91D32CACD79300BFA2EC /* ProfileView.swift */; };
		10AB91D62CACD7A100BFA2EC /* CampfireView.swift in Sources */ = {isa = PBXBuildFile; fileRef = 10AB91D52CACD7A100BFA2EC /* CampfireView.swift */; };
		10AB91D82CACD7AC00BFA2EC /* LogPileView.swift in Sources */ = {isa = PBXBuildFile; fileRef = 10AB91D72CACD7AC00BFA2EC /* LogPileView.swift */; };
		10BCB0DC2CB81D410013E227 /* OrganizePhotoViewModel.swift in Sources */ = {isa = PBXBuildFile; fileRef = 10BCB0DB2CB81D410013E227 /* OrganizePhotoViewModel.swift */; };
		10BCB0DE2CB81F2D0013E227 /* PhotoMetadata.swift in Sources */ = {isa = PBXBuildFile; fileRef = 10BCB0DD2CB81F2D0013E227 /* PhotoMetadata.swift */; };
		10BCB0E02CB8206C0013E227 /* DBSCAN.swift in Sources */ = {isa = PBXBuildFile; fileRef = 10BCB0DF2CB8206C0013E227 /* DBSCAN.swift */; };
		10BCB0E72CB825520013E227 /* BackButton.swift in Sources */ = {isa = PBXBuildFile; fileRef = 10BCB0E12CB825520013E227 /* BackButton.swift */; };
		10BCB0E82CB825520013E227 /* OnboardingView.swift in Sources */ = {isa = PBXBuildFile; fileRef = 10BCB0E52CB825520013E227 /* OnboardingView.swift */; };
		10BCB0E92CB825520013E227 /* CircularProgressPhoto.swift in Sources */ = {isa = PBXBuildFile; fileRef = 10BCB0E42CB825520013E227 /* CircularProgressPhoto.swift */; };
		10BCB0EA2CB825520013E227 /* CircularProgressBar.swift in Sources */ = {isa = PBXBuildFile; fileRef = 10BCB0E32CB825520013E227 /* CircularProgressBar.swift */; };
		10BCB0EB2CB825520013E227 /* ProgressNumber.swift in Sources */ = {isa = PBXBuildFile; fileRef = 10BCB0E62CB825520013E227 /* ProgressNumber.swift */; };
		10BCB0EC2CB825520013E227 /* BottomSheetView.swift in Sources */ = {isa = PBXBuildFile; fileRef = 10BCB0E22CB825520013E227 /* BottomSheetView.swift */; };
		10BCB0EE2CB84BCB0013E227 /* AuthorizationViewModel.swift in Sources */ = {isa = PBXBuildFile; fileRef = 10BCB0ED2CB84BCB0013E227 /* AuthorizationViewModel.swift */; };
		10BE376A2CB30743008D1DA1 /* Pretendard-Regular.otf in Resources */ = {isa = PBXBuildFile; fileRef = 10BE37672CB30743008D1DA1 /* Pretendard-Regular.otf */; };
		10BE376B2CB30743008D1DA1 /* Pretendard-SemiBold.otf in Resources */ = {isa = PBXBuildFile; fileRef = 10BE37682CB30743008D1DA1 /* Pretendard-SemiBold.otf */; };
		10BE376C2CB30743008D1DA1 /* Pretendard-ExtraLight.otf in Resources */ = {isa = PBXBuildFile; fileRef = 10BE37642CB30743008D1DA1 /* Pretendard-ExtraLight.otf */; };
		10BE376D2CB30743008D1DA1 /* Pretendard-Bold.otf in Resources */ = {isa = PBXBuildFile; fileRef = 10BE37622CB30743008D1DA1 /* Pretendard-Bold.otf */; };
		10BE376E2CB30743008D1DA1 /* Pretendard-Thin.otf in Resources */ = {isa = PBXBuildFile; fileRef = 10BE37692CB30743008D1DA1 /* Pretendard-Thin.otf */; };
		10BE376F2CB30743008D1DA1 /* Pretendard-ExtraBold.otf in Resources */ = {isa = PBXBuildFile; fileRef = 10BE37632CB30743008D1DA1 /* Pretendard-ExtraBold.otf */; };
		10BE37702CB30743008D1DA1 /* Pretendard-Black.otf in Resources */ = {isa = PBXBuildFile; fileRef = 10BE37612CB30743008D1DA1 /* Pretendard-Black.otf */; };
		10BE37712CB30743008D1DA1 /* Pretendard-Light.otf in Resources */ = {isa = PBXBuildFile; fileRef = 10BE37652CB30743008D1DA1 /* Pretendard-Light.otf */; };
		10BE37722CB30743008D1DA1 /* Pretendard-Medium.otf in Resources */ = {isa = PBXBuildFile; fileRef = 10BE37662CB30743008D1DA1 /* Pretendard-Medium.otf */; };
		10BE37772CB30CF9008D1DA1 /* RegisterView.swift in Sources */ = {isa = PBXBuildFile; fileRef = 10BE37762CB30CF9008D1DA1 /* RegisterView.swift */; };
		10C0E7FE2CB4B88E00C7F3DE /* AuthorizationView.swift in Sources */ = {isa = PBXBuildFile; fileRef = 10C0E7FD2CB4B88E00C7F3DE /* AuthorizationView.swift */; };
		10C0E8082CB5593E00C7F3DE /* OrganizePhotoView.swift in Sources */ = {isa = PBXBuildFile; fileRef = 10C0E8072CB5593E00C7F3DE /* OrganizePhotoView.swift */; };
		CAA76CB52CB38DEE00533C96 /* Colors.xcassets in Resources */ = {isa = PBXBuildFile; fileRef = CAA76CB42CB38DEE00533C96 /* Colors.xcassets */; };
		CAA76CD02CB3BF0200533C96 /* Images.xcassets in Resources */ = {isa = PBXBuildFile; fileRef = CAA76CCF2CB3BF0200533C96 /* Images.xcassets */; };
/* End PBXBuildFile section */

/* Begin PBXFileReference section */
		10AB91712CACCE4F00BFA2EC /* Modak.app */ = {isa = PBXFileReference; explicitFileType = wrapper.application; includeInIndex = 0; path = Modak.app; sourceTree = BUILT_PRODUCTS_DIR; };
		10AB91A42CACD29A00BFA2EC /* Preview Assets.xcassets */ = {isa = PBXFileReference; lastKnownFileType = folder.assetcatalog; path = "Preview Assets.xcassets"; sourceTree = "<group>"; };
		10AB91A62CACD29A00BFA2EC /* Assets.xcassets */ = {isa = PBXFileReference; lastKnownFileType = folder.assetcatalog; path = Assets.xcassets; sourceTree = "<group>"; };
		10AB91A72CACD29A00BFA2EC /* ContentView.swift */ = {isa = PBXFileReference; lastKnownFileType = sourcecode.swift; path = ContentView.swift; sourceTree = "<group>"; };
		10AB91A82CACD29A00BFA2EC /* ModakApp.swift */ = {isa = PBXFileReference; lastKnownFileType = sourcecode.swift; path = ModakApp.swift; sourceTree = "<group>"; };
		10AB91D32CACD79300BFA2EC /* ProfileView.swift */ = {isa = PBXFileReference; lastKnownFileType = sourcecode.swift; path = ProfileView.swift; sourceTree = "<group>"; };
		10AB91D52CACD7A100BFA2EC /* CampfireView.swift */ = {isa = PBXFileReference; lastKnownFileType = sourcecode.swift; path = CampfireView.swift; sourceTree = "<group>"; };
		10AB91D72CACD7AC00BFA2EC /* LogPileView.swift */ = {isa = PBXFileReference; lastKnownFileType = sourcecode.swift; path = LogPileView.swift; sourceTree = "<group>"; };
		10BCB0DB2CB81D410013E227 /* OrganizePhotoViewModel.swift */ = {isa = PBXFileReference; lastKnownFileType = sourcecode.swift; path = OrganizePhotoViewModel.swift; sourceTree = "<group>"; };
		10BCB0DD2CB81F2D0013E227 /* PhotoMetadata.swift */ = {isa = PBXFileReference; lastKnownFileType = sourcecode.swift; path = PhotoMetadata.swift; sourceTree = "<group>"; };
		10BCB0DF2CB8206C0013E227 /* DBSCAN.swift */ = {isa = PBXFileReference; lastKnownFileType = sourcecode.swift; path = DBSCAN.swift; sourceTree = "<group>"; };
		10BCB0E12CB825520013E227 /* BackButton.swift */ = {isa = PBXFileReference; lastKnownFileType = sourcecode.swift; path = BackButton.swift; sourceTree = "<group>"; };
		10BCB0E22CB825520013E227 /* BottomSheetView.swift */ = {isa = PBXFileReference; lastKnownFileType = sourcecode.swift; path = BottomSheetView.swift; sourceTree = "<group>"; };
		10BCB0E32CB825520013E227 /* CircularProgressBar.swift */ = {isa = PBXFileReference; lastKnownFileType = sourcecode.swift; path = CircularProgressBar.swift; sourceTree = "<group>"; };
		10BCB0E42CB825520013E227 /* CircularProgressPhoto.swift */ = {isa = PBXFileReference; lastKnownFileType = sourcecode.swift; path = CircularProgressPhoto.swift; sourceTree = "<group>"; };
		10BCB0E52CB825520013E227 /* OnboardingView.swift */ = {isa = PBXFileReference; lastKnownFileType = sourcecode.swift; path = OnboardingView.swift; sourceTree = "<group>"; };
		10BCB0E62CB825520013E227 /* ProgressNumber.swift */ = {isa = PBXFileReference; lastKnownFileType = sourcecode.swift; path = ProgressNumber.swift; sourceTree = "<group>"; };
		10BCB0ED2CB84BCB0013E227 /* AuthorizationViewModel.swift */ = {isa = PBXFileReference; lastKnownFileType = sourcecode.swift; path = AuthorizationViewModel.swift; sourceTree = "<group>"; };
		10BE37612CB30743008D1DA1 /* Pretendard-Black.otf */ = {isa = PBXFileReference; lastKnownFileType = file; path = "Pretendard-Black.otf"; sourceTree = "<group>"; };
		10BE37622CB30743008D1DA1 /* Pretendard-Bold.otf */ = {isa = PBXFileReference; lastKnownFileType = file; path = "Pretendard-Bold.otf"; sourceTree = "<group>"; };
		10BE37632CB30743008D1DA1 /* Pretendard-ExtraBold.otf */ = {isa = PBXFileReference; lastKnownFileType = file; path = "Pretendard-ExtraBold.otf"; sourceTree = "<group>"; };
		10BE37642CB30743008D1DA1 /* Pretendard-ExtraLight.otf */ = {isa = PBXFileReference; lastKnownFileType = file; path = "Pretendard-ExtraLight.otf"; sourceTree = "<group>"; };
		10BE37652CB30743008D1DA1 /* Pretendard-Light.otf */ = {isa = PBXFileReference; lastKnownFileType = file; path = "Pretendard-Light.otf"; sourceTree = "<group>"; };
		10BE37662CB30743008D1DA1 /* Pretendard-Medium.otf */ = {isa = PBXFileReference; lastKnownFileType = file; path = "Pretendard-Medium.otf"; sourceTree = "<group>"; };
		10BE37672CB30743008D1DA1 /* Pretendard-Regular.otf */ = {isa = PBXFileReference; lastKnownFileType = file; path = "Pretendard-Regular.otf"; sourceTree = "<group>"; };
		10BE37682CB30743008D1DA1 /* Pretendard-SemiBold.otf */ = {isa = PBXFileReference; lastKnownFileType = file; path = "Pretendard-SemiBold.otf"; sourceTree = "<group>"; };
		10BE37692CB30743008D1DA1 /* Pretendard-Thin.otf */ = {isa = PBXFileReference; lastKnownFileType = file; path = "Pretendard-Thin.otf"; sourceTree = "<group>"; };
		10BE37732CB3085A008D1DA1 /* Info.plist */ = {isa = PBXFileReference; lastKnownFileType = text.plist; path = Info.plist; sourceTree = "<group>"; };
		10BE37762CB30CF9008D1DA1 /* RegisterView.swift */ = {isa = PBXFileReference; lastKnownFileType = sourcecode.swift; path = RegisterView.swift; sourceTree = "<group>"; };
		10C0E7FD2CB4B88E00C7F3DE /* AuthorizationView.swift */ = {isa = PBXFileReference; lastKnownFileType = sourcecode.swift; path = AuthorizationView.swift; sourceTree = "<group>"; };
		10C0E8072CB5593E00C7F3DE /* OrganizePhotoView.swift */ = {isa = PBXFileReference; lastKnownFileType = sourcecode.swift; path = OrganizePhotoView.swift; sourceTree = "<group>"; };
		CAA76CB42CB38DEE00533C96 /* Colors.xcassets */ = {isa = PBXFileReference; lastKnownFileType = folder.assetcatalog; path = Colors.xcassets; sourceTree = "<group>"; };
		CAA76CCF2CB3BF0200533C96 /* Images.xcassets */ = {isa = PBXFileReference; lastKnownFileType = folder.assetcatalog; path = Images.xcassets; sourceTree = "<group>"; };
/* End PBXFileReference section */

/* Begin PBXFrameworksBuildPhase section */
		10AB916E2CACCE4F00BFA2EC /* Frameworks */ = {
			isa = PBXFrameworksBuildPhase;
			buildActionMask = 2147483647;
			files = (
			);
			runOnlyForDeploymentPostprocessing = 0;
		};
/* End PBXFrameworksBuildPhase section */

/* Begin PBXGroup section */
		10AB91682CACCE4F00BFA2EC = {
			isa = PBXGroup;
			children = (
				10AB91722CACCE4F00BFA2EC /* Products */,
				10AB91A92CACD29A00BFA2EC /* Modak */,
			);
			sourceTree = "<group>";
		};
		10AB91722CACCE4F00BFA2EC /* Products */ = {
			isa = PBXGroup;
			children = (
				10AB91712CACCE4F00BFA2EC /* Modak.app */,
			);
			name = Products;
			sourceTree = "<group>";
		};
		10AB91A52CACD29A00BFA2EC /* Preview Content */ = {
			isa = PBXGroup;
			children = (
				10AB91A42CACD29A00BFA2EC /* Preview Assets.xcassets */,
			);
			path = "Preview Content";
			sourceTree = "<group>";
		};
		10AB91A92CACD29A00BFA2EC /* Modak */ = {
			isa = PBXGroup;
			children = (
				10BE37732CB3085A008D1DA1 /* Info.plist */,
				10AB91B22CACD2E000BFA2EC /* App */,
				10AB91AE2CACD2AC00BFA2EC /* Model */,
				10AB91AF2CACD2B400BFA2EC /* View */,
				10AB91B02CACD2C700BFA2EC /* ViewModel */,
				10AB91B12CACD2D600BFA2EC /* Resource */,
				10AB91A52CACD29A00BFA2EC /* Preview Content */,
			);
			path = Modak;
			sourceTree = "<group>";
		};
		10AB91AE2CACD2AC00BFA2EC /* Model */ = {
			isa = PBXGroup;
			children = (
				10BCB0DD2CB81F2D0013E227 /* PhotoMetadata.swift */,
				10BCB0DF2CB8206C0013E227 /* DBSCAN.swift */,
			);
			path = Model;
			sourceTree = "<group>";
		};
		10AB91AF2CACD2B400BFA2EC /* View */ = {
			isa = PBXGroup;
			children = (
				CA7C6EA92CB58FBC00254837 /* Main */,
				CA7C6EAA2CB58FD700254837 /* Tab */,
				10AB91D92CACDCD000BFA2EC /* Component */,
				10BE37762CB30CF9008D1DA1 /* RegisterView.swift */,
				10C0E7FD2CB4B88E00C7F3DE /* AuthorizationView.swift */,
				10C0E8072CB5593E00C7F3DE /* OrganizePhotoView.swift */,
			);
			path = View;
			sourceTree = "<group>";
		};
		10AB91B02CACD2C700BFA2EC /* ViewModel */ = {
			isa = PBXGroup;
			children = (
				10BCB0DB2CB81D410013E227 /* OrganizePhotoViewModel.swift */,
				10BCB0ED2CB84BCB0013E227 /* AuthorizationViewModel.swift */,
			);
			path = ViewModel;
			sourceTree = "<group>";
		};
		10AB91B12CACD2D600BFA2EC /* Resource */ = {
			isa = PBXGroup;
			children = (
				10BE37602CB306DC008D1DA1 /* Pretendard */,
				10AB91A62CACD29A00BFA2EC /* Assets.xcassets */,
				CAA76CB42CB38DEE00533C96 /* Colors.xcassets */,
				CAA76CCF2CB3BF0200533C96 /* Images.xcassets */,
			);
			path = Resource;
			sourceTree = "<group>";
		};
		10AB91B22CACD2E000BFA2EC /* App */ = {
			isa = PBXGroup;
			children = (
				10AB91A82CACD29A00BFA2EC /* ModakApp.swift */,
			);
			path = App;
			sourceTree = "<group>";
		};
		10AB91D92CACDCD000BFA2EC /* Component */ = {
			isa = PBXGroup;
			children = (
				10BCB0E12CB825520013E227 /* BackButton.swift */,
				10BCB0E22CB825520013E227 /* BottomSheetView.swift */,
				10BCB0E32CB825520013E227 /* CircularProgressBar.swift */,
				10BCB0E42CB825520013E227 /* CircularProgressPhoto.swift */,
				10BCB0E52CB825520013E227 /* OnboardingView.swift */,
				10BCB0E62CB825520013E227 /* ProgressNumber.swift */,
			);
			path = Component;
			sourceTree = "<group>";
		};
		10BE37602CB306DC008D1DA1 /* Pretendard */ = {
			isa = PBXGroup;
			children = (
				10BE37612CB30743008D1DA1 /* Pretendard-Black.otf */,
				10BE37622CB30743008D1DA1 /* Pretendard-Bold.otf */,
				10BE37632CB30743008D1DA1 /* Pretendard-ExtraBold.otf */,
				10BE37642CB30743008D1DA1 /* Pretendard-ExtraLight.otf */,
				10BE37652CB30743008D1DA1 /* Pretendard-Light.otf */,
				10BE37662CB30743008D1DA1 /* Pretendard-Medium.otf */,
				10BE37672CB30743008D1DA1 /* Pretendard-Regular.otf */,
				10BE37682CB30743008D1DA1 /* Pretendard-SemiBold.otf */,
				10BE37692CB30743008D1DA1 /* Pretendard-Thin.otf */,
			);
			path = Pretendard;
			sourceTree = "<group>";
		};
		CA7C6EA92CB58FBC00254837 /* Main */ = {
			isa = PBXGroup;
			children = (
				10AB91A72CACD29A00BFA2EC /* ContentView.swift */,
			);
			path = Main;
			sourceTree = "<group>";
		};
		CA7C6EAA2CB58FD700254837 /* Tab */ = {
			isa = PBXGroup;
			children = (
				10AB91D52CACD7A100BFA2EC /* CampfireView.swift */,
				10AB91D72CACD7AC00BFA2EC /* LogPileView.swift */,
				10AB91D32CACD79300BFA2EC /* ProfileView.swift */,
			);
			path = Tab;
			sourceTree = "<group>";
		};
/* End PBXGroup section */

/* Begin PBXNativeTarget section */
		10AB91702CACCE4F00BFA2EC /* Modak */ = {
			isa = PBXNativeTarget;
			buildConfigurationList = 10AB917F2CACCE5000BFA2EC /* Build configuration list for PBXNativeTarget "Modak" */;
			buildPhases = (
				10AB916D2CACCE4F00BFA2EC /* Sources */,
				10AB916E2CACCE4F00BFA2EC /* Frameworks */,
				10AB916F2CACCE4F00BFA2EC /* Resources */,
			);
			buildRules = (
			);
			dependencies = (
			);
			name = Modak;
			packageProductDependencies = (
			);
			productName = Modak;
			productReference = 10AB91712CACCE4F00BFA2EC /* Modak.app */;
			productType = "com.apple.product-type.application";
		};
/* End PBXNativeTarget section */

/* Begin PBXProject section */
		10AB91692CACCE4F00BFA2EC /* Project object */ = {
			isa = PBXProject;
			attributes = {
				BuildIndependentTargetsInParallel = 1;
				LastSwiftUpdateCheck = 1600;
				LastUpgradeCheck = 1600;
				TargetAttributes = {
					10AB91702CACCE4F00BFA2EC = {
						CreatedOnToolsVersion = 16.0;
					};
				};
			};
			buildConfigurationList = 10AB916C2CACCE4F00BFA2EC /* Build configuration list for PBXProject "Modak" */;
			developmentRegion = en;
			hasScannedForEncodings = 0;
			knownRegions = (
				en,
				Base,
			);
			mainGroup = 10AB91682CACCE4F00BFA2EC;
			minimizedProjectReferenceProxies = 1;
			preferredProjectObjectVersion = 77;
			productRefGroup = 10AB91722CACCE4F00BFA2EC /* Products */;
			projectDirPath = "";
			projectRoot = "";
			targets = (
				10AB91702CACCE4F00BFA2EC /* Modak */,
			);
		};
/* End PBXProject section */

/* Begin PBXResourcesBuildPhase section */
		10AB916F2CACCE4F00BFA2EC /* Resources */ = {
			isa = PBXResourcesBuildPhase;
			buildActionMask = 2147483647;
			files = (
				CAA76CB52CB38DEE00533C96 /* Colors.xcassets in Resources */,
				CAA76CD02CB3BF0200533C96 /* Images.xcassets in Resources */,
				10AB91AA2CACD29A00BFA2EC /* Preview Assets.xcassets in Resources */,
				10BE376A2CB30743008D1DA1 /* Pretendard-Regular.otf in Resources */,
				10BE376B2CB30743008D1DA1 /* Pretendard-SemiBold.otf in Resources */,
				10BE376C2CB30743008D1DA1 /* Pretendard-ExtraLight.otf in Resources */,
				10BE376D2CB30743008D1DA1 /* Pretendard-Bold.otf in Resources */,
				10BE376E2CB30743008D1DA1 /* Pretendard-Thin.otf in Resources */,
				10BE376F2CB30743008D1DA1 /* Pretendard-ExtraBold.otf in Resources */,
				10BE37702CB30743008D1DA1 /* Pretendard-Black.otf in Resources */,
				10BE37712CB30743008D1DA1 /* Pretendard-Light.otf in Resources */,
				10BE37722CB30743008D1DA1 /* Pretendard-Medium.otf in Resources */,
				10AB91AB2CACD29A00BFA2EC /* Assets.xcassets in Resources */,
			);
			runOnlyForDeploymentPostprocessing = 0;
		};
/* End PBXResourcesBuildPhase section */

/* Begin PBXSourcesBuildPhase section */
		10AB916D2CACCE4F00BFA2EC /* Sources */ = {
			isa = PBXSourcesBuildPhase;
			buildActionMask = 2147483647;
			files = (
				10BCB0EE2CB84BCB0013E227 /* AuthorizationViewModel.swift in Sources */,
				10BCB0DC2CB81D410013E227 /* OrganizePhotoViewModel.swift in Sources */,
				10AB91AC2CACD29A00BFA2EC /* ContentView.swift in Sources */,
				10BCB0E72CB825520013E227 /* BackButton.swift in Sources */,
				10BCB0E82CB825520013E227 /* OnboardingView.swift in Sources */,
				10BCB0E92CB825520013E227 /* CircularProgressPhoto.swift in Sources */,
				10BCB0EA2CB825520013E227 /* CircularProgressBar.swift in Sources */,
				10BCB0EB2CB825520013E227 /* ProgressNumber.swift in Sources */,
				10BCB0EC2CB825520013E227 /* BottomSheetView.swift in Sources */,
				10BCB0E02CB8206C0013E227 /* DBSCAN.swift in Sources */,
				10AB91D42CACD79300BFA2EC /* ProfileView.swift in Sources */,
				10BE37772CB30CF9008D1DA1 /* RegisterView.swift in Sources */,
				10AB91AD2CACD29A00BFA2EC /* ModakApp.swift in Sources */,
				10AB91D62CACD7A100BFA2EC /* CampfireView.swift in Sources */,
				10C0E7FE2CB4B88E00C7F3DE /* AuthorizationView.swift in Sources */,
				10AB91D82CACD7AC00BFA2EC /* LogPileView.swift in Sources */,
				10BCB0DE2CB81F2D0013E227 /* PhotoMetadata.swift in Sources */,
				10C0E8082CB5593E00C7F3DE /* OrganizePhotoView.swift in Sources */,
			);
			runOnlyForDeploymentPostprocessing = 0;
		};
/* End PBXSourcesBuildPhase section */

/* Begin XCBuildConfiguration section */
		10AB917D2CACCE5000BFA2EC /* Debug */ = {
			isa = XCBuildConfiguration;
			buildSettings = {
				ALWAYS_SEARCH_USER_PATHS = NO;
				ASSETCATALOG_COMPILER_GENERATE_SWIFT_ASSET_SYMBOL_EXTENSIONS = YES;
				CLANG_ANALYZER_NONNULL = YES;
				CLANG_ANALYZER_NUMBER_OBJECT_CONVERSION = YES_AGGRESSIVE;
				CLANG_CXX_LANGUAGE_STANDARD = "gnu++20";
				CLANG_ENABLE_MODULES = YES;
				CLANG_ENABLE_OBJC_ARC = YES;
				CLANG_ENABLE_OBJC_WEAK = YES;
				CLANG_WARN_BLOCK_CAPTURE_AUTORELEASING = YES;
				CLANG_WARN_BOOL_CONVERSION = YES;
				CLANG_WARN_COMMA = YES;
				CLANG_WARN_CONSTANT_CONVERSION = YES;
				CLANG_WARN_DEPRECATED_OBJC_IMPLEMENTATIONS = YES;
				CLANG_WARN_DIRECT_OBJC_ISA_USAGE = YES_ERROR;
				CLANG_WARN_DOCUMENTATION_COMMENTS = YES;
				CLANG_WARN_EMPTY_BODY = YES;
				CLANG_WARN_ENUM_CONVERSION = YES;
				CLANG_WARN_INFINITE_RECURSION = YES;
				CLANG_WARN_INT_CONVERSION = YES;
				CLANG_WARN_NON_LITERAL_NULL_CONVERSION = YES;
				CLANG_WARN_OBJC_IMPLICIT_RETAIN_SELF = YES;
				CLANG_WARN_OBJC_LITERAL_CONVERSION = YES;
				CLANG_WARN_OBJC_ROOT_CLASS = YES_ERROR;
				CLANG_WARN_QUOTED_INCLUDE_IN_FRAMEWORK_HEADER = YES;
				CLANG_WARN_RANGE_LOOP_ANALYSIS = YES;
				CLANG_WARN_STRICT_PROTOTYPES = YES;
				CLANG_WARN_SUSPICIOUS_MOVE = YES;
				CLANG_WARN_UNGUARDED_AVAILABILITY = YES_AGGRESSIVE;
				CLANG_WARN_UNREACHABLE_CODE = YES;
				CLANG_WARN__DUPLICATE_METHOD_MATCH = YES;
				COPY_PHASE_STRIP = NO;
				DEBUG_INFORMATION_FORMAT = dwarf;
				ENABLE_STRICT_OBJC_MSGSEND = YES;
				ENABLE_TESTABILITY = YES;
				ENABLE_USER_SCRIPT_SANDBOXING = YES;
				GCC_C_LANGUAGE_STANDARD = gnu17;
				GCC_DYNAMIC_NO_PIC = NO;
				GCC_NO_COMMON_BLOCKS = YES;
				GCC_OPTIMIZATION_LEVEL = 0;
				GCC_PREPROCESSOR_DEFINITIONS = (
					"DEBUG=1",
					"$(inherited)",
				);
				GCC_WARN_64_TO_32_BIT_CONVERSION = YES;
				GCC_WARN_ABOUT_RETURN_TYPE = YES_ERROR;
				GCC_WARN_UNDECLARED_SELECTOR = YES;
				GCC_WARN_UNINITIALIZED_AUTOS = YES_AGGRESSIVE;
				GCC_WARN_UNUSED_FUNCTION = YES;
				GCC_WARN_UNUSED_VARIABLE = YES;
				IPHONEOS_DEPLOYMENT_TARGET = 18.0;
				LOCALIZATION_PREFERS_STRING_CATALOGS = YES;
				MTL_ENABLE_DEBUG_INFO = INCLUDE_SOURCE;
				MTL_FAST_MATH = YES;
				ONLY_ACTIVE_ARCH = YES;
				SDKROOT = iphoneos;
				SWIFT_ACTIVE_COMPILATION_CONDITIONS = "DEBUG $(inherited)";
				SWIFT_OPTIMIZATION_LEVEL = "-Onone";
			};
			name = Debug;
		};
		10AB917E2CACCE5000BFA2EC /* Release */ = {
			isa = XCBuildConfiguration;
			buildSettings = {
				ALWAYS_SEARCH_USER_PATHS = NO;
				ASSETCATALOG_COMPILER_GENERATE_SWIFT_ASSET_SYMBOL_EXTENSIONS = YES;
				CLANG_ANALYZER_NONNULL = YES;
				CLANG_ANALYZER_NUMBER_OBJECT_CONVERSION = YES_AGGRESSIVE;
				CLANG_CXX_LANGUAGE_STANDARD = "gnu++20";
				CLANG_ENABLE_MODULES = YES;
				CLANG_ENABLE_OBJC_ARC = YES;
				CLANG_ENABLE_OBJC_WEAK = YES;
				CLANG_WARN_BLOCK_CAPTURE_AUTORELEASING = YES;
				CLANG_WARN_BOOL_CONVERSION = YES;
				CLANG_WARN_COMMA = YES;
				CLANG_WARN_CONSTANT_CONVERSION = YES;
				CLANG_WARN_DEPRECATED_OBJC_IMPLEMENTATIONS = YES;
				CLANG_WARN_DIRECT_OBJC_ISA_USAGE = YES_ERROR;
				CLANG_WARN_DOCUMENTATION_COMMENTS = YES;
				CLANG_WARN_EMPTY_BODY = YES;
				CLANG_WARN_ENUM_CONVERSION = YES;
				CLANG_WARN_INFINITE_RECURSION = YES;
				CLANG_WARN_INT_CONVERSION = YES;
				CLANG_WARN_NON_LITERAL_NULL_CONVERSION = YES;
				CLANG_WARN_OBJC_IMPLICIT_RETAIN_SELF = YES;
				CLANG_WARN_OBJC_LITERAL_CONVERSION = YES;
				CLANG_WARN_OBJC_ROOT_CLASS = YES_ERROR;
				CLANG_WARN_QUOTED_INCLUDE_IN_FRAMEWORK_HEADER = YES;
				CLANG_WARN_RANGE_LOOP_ANALYSIS = YES;
				CLANG_WARN_STRICT_PROTOTYPES = YES;
				CLANG_WARN_SUSPICIOUS_MOVE = YES;
				CLANG_WARN_UNGUARDED_AVAILABILITY = YES_AGGRESSIVE;
				CLANG_WARN_UNREACHABLE_CODE = YES;
				CLANG_WARN__DUPLICATE_METHOD_MATCH = YES;
				COPY_PHASE_STRIP = NO;
				DEBUG_INFORMATION_FORMAT = "dwarf-with-dsym";
				ENABLE_NS_ASSERTIONS = NO;
				ENABLE_STRICT_OBJC_MSGSEND = YES;
				ENABLE_USER_SCRIPT_SANDBOXING = YES;
				GCC_C_LANGUAGE_STANDARD = gnu17;
				GCC_NO_COMMON_BLOCKS = YES;
				GCC_WARN_64_TO_32_BIT_CONVERSION = YES;
				GCC_WARN_ABOUT_RETURN_TYPE = YES_ERROR;
				GCC_WARN_UNDECLARED_SELECTOR = YES;
				GCC_WARN_UNINITIALIZED_AUTOS = YES_AGGRESSIVE;
				GCC_WARN_UNUSED_FUNCTION = YES;
				GCC_WARN_UNUSED_VARIABLE = YES;
				IPHONEOS_DEPLOYMENT_TARGET = 18.0;
				LOCALIZATION_PREFERS_STRING_CATALOGS = YES;
				MTL_ENABLE_DEBUG_INFO = NO;
				MTL_FAST_MATH = YES;
				SDKROOT = iphoneos;
				SWIFT_COMPILATION_MODE = wholemodule;
				VALIDATE_PRODUCT = YES;
			};
			name = Release;
		};
		10AB91802CACCE5000BFA2EC /* Debug */ = {
			isa = XCBuildConfiguration;
			buildSettings = {
				ASSETCATALOG_COMPILER_APPICON_NAME = AppIcon;
				ASSETCATALOG_COMPILER_GLOBAL_ACCENT_COLOR_NAME = AccentColor;
				CODE_SIGN_STYLE = Automatic;
				CURRENT_PROJECT_VERSION = 1;
				DEVELOPMENT_ASSET_PATHS = "\"Modak/Preview Content\"";
				DEVELOPMENT_TEAM = 3GB5WJ43G4;
				ENABLE_PREVIEWS = YES;
				GENERATE_INFOPLIST_FILE = YES;
				INFOPLIST_FILE = Modak/Info.plist;
				INFOPLIST_KEY_NSPhotoLibraryUsageDescription = "원활한 사용을 위해서 사진첩 접근 권한이 필요합니다. 사진을 정리할 때 사진 정보는 서버에 공유되지 않아요.";
				INFOPLIST_KEY_UIApplicationSceneManifest_Generation = YES;
				INFOPLIST_KEY_UIApplicationSupportsIndirectInputEvents = YES;
				INFOPLIST_KEY_UILaunchScreen_Generation = YES;
				INFOPLIST_KEY_UISupportedInterfaceOrientations_iPad = "UIInterfaceOrientationPortrait UIInterfaceOrientationPortraitUpsideDown UIInterfaceOrientationLandscapeLeft UIInterfaceOrientationLandscapeRight";
				INFOPLIST_KEY_UISupportedInterfaceOrientations_iPhone = "UIInterfaceOrientationPortrait UIInterfaceOrientationLandscapeLeft UIInterfaceOrientationLandscapeRight";
				LD_RUNPATH_SEARCH_PATHS = (
					"$(inherited)",
					"@executable_path/Frameworks",
				);
				MARKETING_VERSION = 1.0;
				PRODUCT_BUNDLE_IDENTIFIER = com.macrosoft.Modak;
				PRODUCT_NAME = "$(TARGET_NAME)";
				SWIFT_EMIT_LOC_STRINGS = YES;
				SWIFT_VERSION = 5.0;
				TARGETED_DEVICE_FAMILY = "1,2";
			};
			name = Debug;
		};
		10AB91812CACCE5000BFA2EC /* Release */ = {
			isa = XCBuildConfiguration;
			buildSettings = {
				ASSETCATALOG_COMPILER_APPICON_NAME = AppIcon;
				ASSETCATALOG_COMPILER_GLOBAL_ACCENT_COLOR_NAME = AccentColor;
				CODE_SIGN_STYLE = Automatic;
				CURRENT_PROJECT_VERSION = 1;
				DEVELOPMENT_ASSET_PATHS = "\"Modak/Preview Content\"";
				DEVELOPMENT_TEAM = 3GB5WJ43G4;
				ENABLE_PREVIEWS = YES;
				GENERATE_INFOPLIST_FILE = YES;
				INFOPLIST_FILE = Modak/Info.plist;
				INFOPLIST_KEY_NSPhotoLibraryUsageDescription = "원활한 사용을 위해서 사진첩 접근 권한이 필요합니다. 사진을 정리할 때 사진 정보는 서버에 공유되지 않아요.";
				INFOPLIST_KEY_UIApplicationSceneManifest_Generation = YES;
				INFOPLIST_KEY_UIApplicationSupportsIndirectInputEvents = YES;
				INFOPLIST_KEY_UILaunchScreen_Generation = YES;
				INFOPLIST_KEY_UISupportedInterfaceOrientations_iPad = "UIInterfaceOrientationPortrait UIInterfaceOrientationPortraitUpsideDown UIInterfaceOrientationLandscapeLeft UIInterfaceOrientationLandscapeRight";
				INFOPLIST_KEY_UISupportedInterfaceOrientations_iPhone = "UIInterfaceOrientationPortrait UIInterfaceOrientationLandscapeLeft UIInterfaceOrientationLandscapeRight";
				LD_RUNPATH_SEARCH_PATHS = (
					"$(inherited)",
					"@executable_path/Frameworks",
				);
				MARKETING_VERSION = 1.0;
				PRODUCT_BUNDLE_IDENTIFIER = com.macrosoft.Modak;
				PRODUCT_NAME = "$(TARGET_NAME)";
				SWIFT_EMIT_LOC_STRINGS = YES;
				SWIFT_VERSION = 5.0;
				TARGETED_DEVICE_FAMILY = "1,2";
			};
			name = Release;
		};
/* End XCBuildConfiguration section */

/* Begin XCConfigurationList section */
		10AB916C2CACCE4F00BFA2EC /* Build configuration list for PBXProject "Modak" */ = {
			isa = XCConfigurationList;
			buildConfigurations = (
				10AB917D2CACCE5000BFA2EC /* Debug */,
				10AB917E2CACCE5000BFA2EC /* Release */,
			);
			defaultConfigurationIsVisible = 0;
			defaultConfigurationName = Release;
		};
		10AB917F2CACCE5000BFA2EC /* Build configuration list for PBXNativeTarget "Modak" */ = {
			isa = XCConfigurationList;
			buildConfigurations = (
				10AB91802CACCE5000BFA2EC /* Debug */,
				10AB91812CACCE5000BFA2EC /* Release */,
			);
			defaultConfigurationIsVisible = 0;
			defaultConfigurationName = Release;
		};
/* End XCConfigurationList section */
	};
	rootObject = 10AB91692CACCE4F00BFA2EC /* Project object */;
}
