// !$*UTF8*$!
{
	archiveVersion = 1;
	classes = {
	};
	objectVersion = 77;
	objects = {

/* Begin PBXBuildFile section */
		1093968B2CD2879B004C4EBD /* JoinCampfireViewModel.swift in Sources */ = {isa = PBXBuildFile; fileRef = 1093968A2CD2879B004C4EBD /* JoinCampfireViewModel.swift */; };
		1093968D2CD294A9004C4EBD /* JoinCampfireByCameraView.swift in Sources */ = {isa = PBXBuildFile; fileRef = 1093968C2CD294A9004C4EBD /* JoinCampfireByCameraView.swift */; };
		1093968F2CD2950A004C4EBD /* CameraViewModel.swift in Sources */ = {isa = PBXBuildFile; fileRef = 1093968E2CD2950A004C4EBD /* CameraViewModel.swift */; };
		109396912CD29615004C4EBD /* TextRecognizer.swift in Sources */ = {isa = PBXBuildFile; fileRef = 109396902CD29615004C4EBD /* TextRecognizer.swift */; };
		109396932CD29680004C4EBD /* CameraGuidePreview.swift in Sources */ = {isa = PBXBuildFile; fileRef = 109396922CD29680004C4EBD /* CameraGuidePreview.swift */; };
		10AB91AA2CACD29A00BFA2EC /* Preview Assets.xcassets in Resources */ = {isa = PBXBuildFile; fileRef = 10AB91A42CACD29A00BFA2EC /* Preview Assets.xcassets */; };
		10AB91AB2CACD29A00BFA2EC /* Assets.xcassets in Resources */ = {isa = PBXBuildFile; fileRef = 10AB91A62CACD29A00BFA2EC /* Assets.xcassets */; };
		10AB91AC2CACD29A00BFA2EC /* ContentView.swift in Sources */ = {isa = PBXBuildFile; fileRef = 10AB91A72CACD29A00BFA2EC /* ContentView.swift */; };
		10AB91AD2CACD29A00BFA2EC /* ModakApp.swift in Sources */ = {isa = PBXBuildFile; fileRef = 10AB91A82CACD29A00BFA2EC /* ModakApp.swift */; };
		10AB91D42CACD79300BFA2EC /* ProfileView.swift in Sources */ = {isa = PBXBuildFile; fileRef = 10AB91D32CACD79300BFA2EC /* ProfileView.swift */; };
		10AB91D62CACD7A100BFA2EC /* CampfireView.swift in Sources */ = {isa = PBXBuildFile; fileRef = 10AB91D52CACD7A100BFA2EC /* CampfireView.swift */; };
		10AB91D82CACD7AC00BFA2EC /* LogPileView.swift in Sources */ = {isa = PBXBuildFile; fileRef = 10AB91D72CACD7AC00BFA2EC /* LogPileView.swift */; };
		10B0A6702CBE6F820048C313 /* AppleSigninViewModel.swift in Sources */ = {isa = PBXBuildFile; fileRef = 10B0A66F2CBE6F820048C313 /* AppleSigninViewModel.swift */; };
		10BCB0DC2CB81D410013E227 /* OrganizePhotoViewModel.swift in Sources */ = {isa = PBXBuildFile; fileRef = 10BCB0DB2CB81D410013E227 /* OrganizePhotoViewModel.swift */; };
		10BCB0DE2CB81F2D0013E227 /* PhotoMetadata.swift in Sources */ = {isa = PBXBuildFile; fileRef = 10BCB0DD2CB81F2D0013E227 /* PhotoMetadata.swift */; };
		10BCB0E02CB8206C0013E227 /* DBSCAN.swift in Sources */ = {isa = PBXBuildFile; fileRef = 10BCB0DF2CB8206C0013E227 /* DBSCAN.swift */; };
		10BCB0E72CB825520013E227 /* BackButton.swift in Sources */ = {isa = PBXBuildFile; fileRef = 10BCB0E12CB825520013E227 /* BackButton.swift */; };
		10BCB0E82CB825520013E227 /* OnboardingCard.swift in Sources */ = {isa = PBXBuildFile; fileRef = 10BCB0E52CB825520013E227 /* OnboardingCard.swift */; };
		10BCB0E92CB825520013E227 /* CircularProgressPhoto.swift in Sources */ = {isa = PBXBuildFile; fileRef = 10BCB0E42CB825520013E227 /* CircularProgressPhoto.swift */; };
		10BCB0EA2CB825520013E227 /* CircularProgressBar.swift in Sources */ = {isa = PBXBuildFile; fileRef = 10BCB0E32CB825520013E227 /* CircularProgressBar.swift */; };
		10BCB0EB2CB825520013E227 /* ProgressNumber.swift in Sources */ = {isa = PBXBuildFile; fileRef = 10BCB0E62CB825520013E227 /* ProgressNumber.swift */; };
		10BCB0EC2CB825520013E227 /* BottomSheet.swift in Sources */ = {isa = PBXBuildFile; fileRef = 10BCB0E22CB825520013E227 /* BottomSheet.swift */; };
		10BCB0EE2CB84BCB0013E227 /* AuthorizationViewModel.swift in Sources */ = {isa = PBXBuildFile; fileRef = 10BCB0ED2CB84BCB0013E227 /* AuthorizationViewModel.swift */; };
		10BCB0F42CBCB58B0013E227 /* Log.swift in Sources */ = {isa = PBXBuildFile; fileRef = 10BCB0F32CBCB58B0013E227 /* Log.swift */; };
		10BCB0F82CBCCABB0013E227 /* ExampleLogPileView.swift in Sources */ = {isa = PBXBuildFile; fileRef = 10BCB0F72CBCCABB0013E227 /* ExampleLogPileView.swift */; };
		10BCB0FD2CBE14BC0013E227 /* AppleSigninButton.swift in Sources */ = {isa = PBXBuildFile; fileRef = 10BCB0FC2CBE14BC0013E227 /* AppleSigninButton.swift */; };
		10BE376A2CB30743008D1DA1 /* Pretendard-Regular.otf in Resources */ = {isa = PBXBuildFile; fileRef = 10BE37672CB30743008D1DA1 /* Pretendard-Regular.otf */; };
		10BE376B2CB30743008D1DA1 /* Pretendard-SemiBold.otf in Resources */ = {isa = PBXBuildFile; fileRef = 10BE37682CB30743008D1DA1 /* Pretendard-SemiBold.otf */; };
		10BE376C2CB30743008D1DA1 /* Pretendard-ExtraLight.otf in Resources */ = {isa = PBXBuildFile; fileRef = 10BE37642CB30743008D1DA1 /* Pretendard-ExtraLight.otf */; };
		10BE376D2CB30743008D1DA1 /* Pretendard-Bold.otf in Resources */ = {isa = PBXBuildFile; fileRef = 10BE37622CB30743008D1DA1 /* Pretendard-Bold.otf */; };
		10BE376E2CB30743008D1DA1 /* Pretendard-Thin.otf in Resources */ = {isa = PBXBuildFile; fileRef = 10BE37692CB30743008D1DA1 /* Pretendard-Thin.otf */; };
		10BE376F2CB30743008D1DA1 /* Pretendard-ExtraBold.otf in Resources */ = {isa = PBXBuildFile; fileRef = 10BE37632CB30743008D1DA1 /* Pretendard-ExtraBold.otf */; };
		10BE37702CB30743008D1DA1 /* Pretendard-Black.otf in Resources */ = {isa = PBXBuildFile; fileRef = 10BE37612CB30743008D1DA1 /* Pretendard-Black.otf */; };
		10BE37712CB30743008D1DA1 /* Pretendard-Light.otf in Resources */ = {isa = PBXBuildFile; fileRef = 10BE37652CB30743008D1DA1 /* Pretendard-Light.otf */; };
		10BE37722CB30743008D1DA1 /* Pretendard-Medium.otf in Resources */ = {isa = PBXBuildFile; fileRef = 10BE37662CB30743008D1DA1 /* Pretendard-Medium.otf */; };
		10BE37772CB30CF9008D1DA1 /* RegisterView.swift in Sources */ = {isa = PBXBuildFile; fileRef = 10BE37762CB30CF9008D1DA1 /* RegisterView.swift */; };
		10C0E7FE2CB4B88E00C7F3DE /* AuthorizationView.swift in Sources */ = {isa = PBXBuildFile; fileRef = 10C0E7FD2CB4B88E00C7F3DE /* AuthorizationView.swift */; };
		10C0E8082CB5593E00C7F3DE /* OrganizePhotoView.swift in Sources */ = {isa = PBXBuildFile; fileRef = 10C0E8072CB5593E00C7F3DE /* OrganizePhotoView.swift */; };
		10F58DB72CBFC81B00BF9D34 /* Release.xcconfig in Resources */ = {isa = PBXBuildFile; fileRef = 10F58DB62CBFC81B00BF9D34 /* Release.xcconfig */; };
		10F58DBB2CC09D9300BF9D34 /* BundleExtension.swift in Sources */ = {isa = PBXBuildFile; fileRef = 10F58DBA2CC09D9300BF9D34 /* BundleExtension.swift */; };
		10F58DC52CC0A8E400BF9D34 /* Debug.xcconfig in Resources */ = {isa = PBXBuildFile; fileRef = 10F58DC42CC0A8E400BF9D34 /* Debug.xcconfig */; };
		10F58DCF2CC0BE0C00BF9D34 /* FirebaseAnalytics in Frameworks */ = {isa = PBXBuildFile; productRef = 10F58DCE2CC0BE0C00BF9D34 /* FirebaseAnalytics */; };
		10F58DD12CC0BE0C00BF9D34 /* FirebaseAnalyticsOnDeviceConversion in Frameworks */ = {isa = PBXBuildFile; productRef = 10F58DD02CC0BE0C00BF9D34 /* FirebaseAnalyticsOnDeviceConversion */; };
		10F58DD32CC0BE0C00BF9D34 /* FirebaseAnalyticsWithoutAdIdSupport in Frameworks */ = {isa = PBXBuildFile; productRef = 10F58DD22CC0BE0C00BF9D34 /* FirebaseAnalyticsWithoutAdIdSupport */; };
		10F58DD72CC0D7F700BF9D34 /* GoogleService-Info.plist in Resources */ = {isa = PBXBuildFile; fileRef = 10F58DD62CC0D7F700BF9D34 /* GoogleService-Info.plist */; };
		10F58EE52CD06C0D00BF9D34 /* JoinCampfireView.swift in Sources */ = {isa = PBXBuildFile; fileRef = 10F58EE42CD06C0D00BF9D34 /* JoinCampfireView.swift */; };
		10F58EE72CD0891300BF9D34 /* SignTextEditor.swift in Sources */ = {isa = PBXBuildFile; fileRef = 10F58EE62CD0891300BF9D34 /* SignTextEditor.swift */; };
		CA2B5D052CBA6FDB0070DEBF /* DateExtension.swift in Sources */ = {isa = PBXBuildFile; fileRef = CA2B5D042CBA6FBD0070DEBF /* DateExtension.swift */; };
		CA2B5D072CBA70280070DEBF /* LinearGradientExtension.swift in Sources */ = {isa = PBXBuildFile; fileRef = CA2B5D062CBA70210070DEBF /* LinearGradientExtension.swift */; };
		CA2B5D0B2CBA70C40070DEBF /* ColorExtension.swift in Sources */ = {isa = PBXBuildFile; fileRef = CA2B5D0A2CBA70C00070DEBF /* ColorExtension.swift */; };
		CA2B5D0F2CBAAE5C0070DEBF /* LogPileDetailView.swift in Sources */ = {isa = PBXBuildFile; fileRef = CA2B5D0E2CBAAE5C0070DEBF /* LogPileDetailView.swift */; };
		CAA76CB52CB38DEE00533C96 /* Colors.xcassets in Resources */ = {isa = PBXBuildFile; fileRef = CAA76CB42CB38DEE00533C96 /* Colors.xcassets */; };
		CAA76CD02CB3BF0200533C96 /* Images.xcassets in Resources */ = {isa = PBXBuildFile; fileRef = CAA76CCF2CB3BF0200533C96 /* Images.xcassets */; };
		CAB2BE2F2CBD49BC0030C1F1 /* CoordinatorView.swift in Sources */ = {isa = PBXBuildFile; fileRef = CAB2BE2E2CBD49AB0030C1F1 /* CoordinatorView.swift */; };
		CAB2BE322CBD55BB0030C1F1 /* SelectedPhotoView.swift in Sources */ = {isa = PBXBuildFile; fileRef = CAB2BE312CBD55B50030C1F1 /* SelectedPhotoView.swift */; };
		CAB2BE362CBF527B0030C1F1 /* DrawPhoto.swift in Sources */ = {isa = PBXBuildFile; fileRef = CAB2BE352CBF520A0030C1F1 /* DrawPhoto.swift */; };
		CAB2BE402CC0A9850030C1F1 /* MonthlyLogs.swift in Sources */ = {isa = PBXBuildFile; fileRef = CAB2BE3F2CC0A9720030C1F1 /* MonthlyLogs.swift */; };
		CAB2BE422CC0A9D10030C1F1 /* DailyLogs.swift in Sources */ = {isa = PBXBuildFile; fileRef = CAB2BE412CC0A9BD0030C1F1 /* DailyLogs.swift */; };
		CAB2BE4C2CC1ED1D0030C1F1 /* UINavigationControllerExtension.swift in Sources */ = {isa = PBXBuildFile; fileRef = CAB2BE4B2CC1ECD00030C1F1 /* UINavigationControllerExtension.swift */; };
/* End PBXBuildFile section */

/* Begin PBXFileReference section */
		1093968A2CD2879B004C4EBD /* JoinCampfireViewModel.swift */ = {isa = PBXFileReference; lastKnownFileType = sourcecode.swift; path = JoinCampfireViewModel.swift; sourceTree = "<group>"; };
		1093968C2CD294A9004C4EBD /* JoinCampfireByCameraView.swift */ = {isa = PBXFileReference; lastKnownFileType = sourcecode.swift; path = JoinCampfireByCameraView.swift; sourceTree = "<group>"; };
		1093968E2CD2950A004C4EBD /* CameraViewModel.swift */ = {isa = PBXFileReference; lastKnownFileType = sourcecode.swift; path = CameraViewModel.swift; sourceTree = "<group>"; };
		109396902CD29615004C4EBD /* TextRecognizer.swift */ = {isa = PBXFileReference; lastKnownFileType = sourcecode.swift; path = TextRecognizer.swift; sourceTree = "<group>"; };
		109396922CD29680004C4EBD /* CameraGuidePreview.swift */ = {isa = PBXFileReference; lastKnownFileType = sourcecode.swift; path = CameraGuidePreview.swift; sourceTree = "<group>"; };
		10AB91712CACCE4F00BFA2EC /* Modak.app */ = {isa = PBXFileReference; explicitFileType = wrapper.application; includeInIndex = 0; path = Modak.app; sourceTree = BUILT_PRODUCTS_DIR; };
		10AB91A42CACD29A00BFA2EC /* Preview Assets.xcassets */ = {isa = PBXFileReference; lastKnownFileType = folder.assetcatalog; path = "Preview Assets.xcassets"; sourceTree = "<group>"; };
		10AB91A62CACD29A00BFA2EC /* Assets.xcassets */ = {isa = PBXFileReference; lastKnownFileType = folder.assetcatalog; path = Assets.xcassets; sourceTree = "<group>"; };
		10AB91A72CACD29A00BFA2EC /* ContentView.swift */ = {isa = PBXFileReference; lastKnownFileType = sourcecode.swift; path = ContentView.swift; sourceTree = "<group>"; };
		10AB91A82CACD29A00BFA2EC /* ModakApp.swift */ = {isa = PBXFileReference; lastKnownFileType = sourcecode.swift; path = ModakApp.swift; sourceTree = "<group>"; };
		10AB91D32CACD79300BFA2EC /* ProfileView.swift */ = {isa = PBXFileReference; lastKnownFileType = sourcecode.swift; path = ProfileView.swift; sourceTree = "<group>"; };
		10AB91D52CACD7A100BFA2EC /* CampfireView.swift */ = {isa = PBXFileReference; lastKnownFileType = sourcecode.swift; path = CampfireView.swift; sourceTree = "<group>"; };
		10AB91D72CACD7AC00BFA2EC /* LogPileView.swift */ = {isa = PBXFileReference; lastKnownFileType = sourcecode.swift; path = LogPileView.swift; sourceTree = "<group>"; };
		10B0A66F2CBE6F820048C313 /* AppleSigninViewModel.swift */ = {isa = PBXFileReference; lastKnownFileType = sourcecode.swift; path = AppleSigninViewModel.swift; sourceTree = "<group>"; };
		10BCB0DB2CB81D410013E227 /* OrganizePhotoViewModel.swift */ = {isa = PBXFileReference; lastKnownFileType = sourcecode.swift; path = OrganizePhotoViewModel.swift; sourceTree = "<group>"; };
		10BCB0DD2CB81F2D0013E227 /* PhotoMetadata.swift */ = {isa = PBXFileReference; lastKnownFileType = sourcecode.swift; path = PhotoMetadata.swift; sourceTree = "<group>"; };
		10BCB0DF2CB8206C0013E227 /* DBSCAN.swift */ = {isa = PBXFileReference; lastKnownFileType = sourcecode.swift; path = DBSCAN.swift; sourceTree = "<group>"; };
		10BCB0E12CB825520013E227 /* BackButton.swift */ = {isa = PBXFileReference; lastKnownFileType = sourcecode.swift; path = BackButton.swift; sourceTree = "<group>"; };
		10BCB0E22CB825520013E227 /* BottomSheet.swift */ = {isa = PBXFileReference; lastKnownFileType = sourcecode.swift; path = BottomSheet.swift; sourceTree = "<group>"; };
		10BCB0E32CB825520013E227 /* CircularProgressBar.swift */ = {isa = PBXFileReference; lastKnownFileType = sourcecode.swift; path = CircularProgressBar.swift; sourceTree = "<group>"; };
		10BCB0E42CB825520013E227 /* CircularProgressPhoto.swift */ = {isa = PBXFileReference; lastKnownFileType = sourcecode.swift; path = CircularProgressPhoto.swift; sourceTree = "<group>"; };
		10BCB0E52CB825520013E227 /* OnboardingCard.swift */ = {isa = PBXFileReference; lastKnownFileType = sourcecode.swift; path = OnboardingCard.swift; sourceTree = "<group>"; };
		10BCB0E62CB825520013E227 /* ProgressNumber.swift */ = {isa = PBXFileReference; lastKnownFileType = sourcecode.swift; path = ProgressNumber.swift; sourceTree = "<group>"; };
		10BCB0ED2CB84BCB0013E227 /* AuthorizationViewModel.swift */ = {isa = PBXFileReference; lastKnownFileType = sourcecode.swift; path = AuthorizationViewModel.swift; sourceTree = "<group>"; };
		10BCB0F32CBCB58B0013E227 /* Log.swift */ = {isa = PBXFileReference; lastKnownFileType = sourcecode.swift; path = Log.swift; sourceTree = "<group>"; };
		10BCB0F72CBCCABB0013E227 /* ExampleLogPileView.swift */ = {isa = PBXFileReference; lastKnownFileType = sourcecode.swift; path = ExampleLogPileView.swift; sourceTree = "<group>"; };
		10BCB0FB2CBE13510013E227 /* Modak.entitlements */ = {isa = PBXFileReference; lastKnownFileType = text.plist.entitlements; path = Modak.entitlements; sourceTree = "<group>"; };
		10BCB0FC2CBE14BC0013E227 /* AppleSigninButton.swift */ = {isa = PBXFileReference; lastKnownFileType = sourcecode.swift; path = AppleSigninButton.swift; sourceTree = "<group>"; };
		10BE37612CB30743008D1DA1 /* Pretendard-Black.otf */ = {isa = PBXFileReference; lastKnownFileType = file; path = "Pretendard-Black.otf"; sourceTree = "<group>"; };
		10BE37622CB30743008D1DA1 /* Pretendard-Bold.otf */ = {isa = PBXFileReference; lastKnownFileType = file; path = "Pretendard-Bold.otf"; sourceTree = "<group>"; };
		10BE37632CB30743008D1DA1 /* Pretendard-ExtraBold.otf */ = {isa = PBXFileReference; lastKnownFileType = file; path = "Pretendard-ExtraBold.otf"; sourceTree = "<group>"; };
		10BE37642CB30743008D1DA1 /* Pretendard-ExtraLight.otf */ = {isa = PBXFileReference; lastKnownFileType = file; path = "Pretendard-ExtraLight.otf"; sourceTree = "<group>"; };
		10BE37652CB30743008D1DA1 /* Pretendard-Light.otf */ = {isa = PBXFileReference; lastKnownFileType = file; path = "Pretendard-Light.otf"; sourceTree = "<group>"; };
		10BE37662CB30743008D1DA1 /* Pretendard-Medium.otf */ = {isa = PBXFileReference; lastKnownFileType = file; path = "Pretendard-Medium.otf"; sourceTree = "<group>"; };
		10BE37672CB30743008D1DA1 /* Pretendard-Regular.otf */ = {isa = PBXFileReference; lastKnownFileType = file; path = "Pretendard-Regular.otf"; sourceTree = "<group>"; };
		10BE37682CB30743008D1DA1 /* Pretendard-SemiBold.otf */ = {isa = PBXFileReference; lastKnownFileType = file; path = "Pretendard-SemiBold.otf"; sourceTree = "<group>"; };
		10BE37692CB30743008D1DA1 /* Pretendard-Thin.otf */ = {isa = PBXFileReference; lastKnownFileType = file; path = "Pretendard-Thin.otf"; sourceTree = "<group>"; };
		10BE37732CB3085A008D1DA1 /* Info.plist */ = {isa = PBXFileReference; lastKnownFileType = text.plist; path = Info.plist; sourceTree = "<group>"; };
		10BE37762CB30CF9008D1DA1 /* RegisterView.swift */ = {isa = PBXFileReference; lastKnownFileType = sourcecode.swift; path = RegisterView.swift; sourceTree = "<group>"; };
		10C0E7FD2CB4B88E00C7F3DE /* AuthorizationView.swift */ = {isa = PBXFileReference; lastKnownFileType = sourcecode.swift; path = AuthorizationView.swift; sourceTree = "<group>"; };
		10C0E8072CB5593E00C7F3DE /* OrganizePhotoView.swift */ = {isa = PBXFileReference; lastKnownFileType = sourcecode.swift; path = OrganizePhotoView.swift; sourceTree = "<group>"; };
		10F58DB62CBFC81B00BF9D34 /* Release.xcconfig */ = {isa = PBXFileReference; lastKnownFileType = text.xcconfig; path = Release.xcconfig; sourceTree = "<group>"; };
		10F58DBA2CC09D9300BF9D34 /* BundleExtension.swift */ = {isa = PBXFileReference; lastKnownFileType = sourcecode.swift; path = BundleExtension.swift; sourceTree = "<group>"; };
		10F58DC42CC0A8E400BF9D34 /* Debug.xcconfig */ = {isa = PBXFileReference; lastKnownFileType = text.xcconfig; path = Debug.xcconfig; sourceTree = "<group>"; };
		10F58DD62CC0D7F700BF9D34 /* GoogleService-Info.plist */ = {isa = PBXFileReference; lastKnownFileType = text.plist.xml; path = "GoogleService-Info.plist"; sourceTree = "<group>"; };
		10F58EE42CD06C0D00BF9D34 /* JoinCampfireView.swift */ = {isa = PBXFileReference; lastKnownFileType = sourcecode.swift; path = JoinCampfireView.swift; sourceTree = "<group>"; };
		10F58EE62CD0891300BF9D34 /* SignTextEditor.swift */ = {isa = PBXFileReference; lastKnownFileType = sourcecode.swift; path = SignTextEditor.swift; sourceTree = "<group>"; };
		CA2B5D042CBA6FBD0070DEBF /* DateExtension.swift */ = {isa = PBXFileReference; lastKnownFileType = sourcecode.swift; path = DateExtension.swift; sourceTree = "<group>"; };
		CA2B5D062CBA70210070DEBF /* LinearGradientExtension.swift */ = {isa = PBXFileReference; lastKnownFileType = sourcecode.swift; path = LinearGradientExtension.swift; sourceTree = "<group>"; };
		CA2B5D0A2CBA70C00070DEBF /* ColorExtension.swift */ = {isa = PBXFileReference; lastKnownFileType = sourcecode.swift; path = ColorExtension.swift; sourceTree = "<group>"; };
		CA2B5D0E2CBAAE5C0070DEBF /* LogPileDetailView.swift */ = {isa = PBXFileReference; lastKnownFileType = sourcecode.swift; path = LogPileDetailView.swift; sourceTree = "<group>"; };
		CAA76CB42CB38DEE00533C96 /* Colors.xcassets */ = {isa = PBXFileReference; lastKnownFileType = folder.assetcatalog; path = Colors.xcassets; sourceTree = "<group>"; };
		CAA76CCF2CB3BF0200533C96 /* Images.xcassets */ = {isa = PBXFileReference; lastKnownFileType = folder.assetcatalog; path = Images.xcassets; sourceTree = "<group>"; };
		CAB2BE2E2CBD49AB0030C1F1 /* CoordinatorView.swift */ = {isa = PBXFileReference; lastKnownFileType = sourcecode.swift; path = CoordinatorView.swift; sourceTree = "<group>"; };
		CAB2BE312CBD55B50030C1F1 /* SelectedPhotoView.swift */ = {isa = PBXFileReference; lastKnownFileType = sourcecode.swift; path = SelectedPhotoView.swift; sourceTree = "<group>"; };
		CAB2BE352CBF520A0030C1F1 /* DrawPhoto.swift */ = {isa = PBXFileReference; lastKnownFileType = sourcecode.swift; path = DrawPhoto.swift; sourceTree = "<group>"; };
		CAB2BE3F2CC0A9720030C1F1 /* MonthlyLogs.swift */ = {isa = PBXFileReference; lastKnownFileType = sourcecode.swift; path = MonthlyLogs.swift; sourceTree = "<group>"; };
		CAB2BE412CC0A9BD0030C1F1 /* DailyLogs.swift */ = {isa = PBXFileReference; lastKnownFileType = sourcecode.swift; path = DailyLogs.swift; sourceTree = "<group>"; };
		CAB2BE4B2CC1ECD00030C1F1 /* UINavigationControllerExtension.swift */ = {isa = PBXFileReference; lastKnownFileType = sourcecode.swift; path = UINavigationControllerExtension.swift; sourceTree = "<group>"; };
/* End PBXFileReference section */

/* Begin PBXFrameworksBuildPhase section */
		10AB916E2CACCE4F00BFA2EC /* Frameworks */ = {
			isa = PBXFrameworksBuildPhase;
			buildActionMask = 2147483647;
			files = (
				10F58DCF2CC0BE0C00BF9D34 /* FirebaseAnalytics in Frameworks */,
				10F58DD32CC0BE0C00BF9D34 /* FirebaseAnalyticsWithoutAdIdSupport in Frameworks */,
				10F58DD12CC0BE0C00BF9D34 /* FirebaseAnalyticsOnDeviceConversion in Frameworks */,
			);
			runOnlyForDeploymentPostprocessing = 0;
		};
/* End PBXFrameworksBuildPhase section */

/* Begin PBXGroup section */
		109396942CD29693004C4EBD /* CameraTextRecognizer */ = {
			isa = PBXGroup;
			children = (
				109396922CD29680004C4EBD /* CameraGuidePreview.swift */,
				109396902CD29615004C4EBD /* TextRecognizer.swift */,
				1093968E2CD2950A004C4EBD /* CameraViewModel.swift */,
			);
			path = CameraTextRecognizer;
			sourceTree = "<group>";
		};
		10AB91682CACCE4F00BFA2EC = {
			isa = PBXGroup;
			children = (
				10F58DD62CC0D7F700BF9D34 /* GoogleService-Info.plist */,
				10F58DB62CBFC81B00BF9D34 /* Release.xcconfig */,
				10F58DC42CC0A8E400BF9D34 /* Debug.xcconfig */,
				10AB91722CACCE4F00BFA2EC /* Products */,
				10AB91A92CACD29A00BFA2EC /* Modak */,
			);
			sourceTree = "<group>";
		};
		10AB91722CACCE4F00BFA2EC /* Products */ = {
			isa = PBXGroup;
			children = (
				10AB91712CACCE4F00BFA2EC /* Modak.app */,
			);
			name = Products;
			sourceTree = "<group>";
		};
		10AB91A52CACD29A00BFA2EC /* Preview Content */ = {
			isa = PBXGroup;
			children = (
				10AB91A42CACD29A00BFA2EC /* Preview Assets.xcassets */,
			);
			path = "Preview Content";
			sourceTree = "<group>";
		};
		10AB91A92CACD29A00BFA2EC /* Modak */ = {
			isa = PBXGroup;
			children = (
				10BCB0FB2CBE13510013E227 /* Modak.entitlements */,
				10BE37732CB3085A008D1DA1 /* Info.plist */,
				10AB91B22CACD2E000BFA2EC /* App */,
				10AB91AE2CACD2AC00BFA2EC /* Model */,
				10AB91AF2CACD2B400BFA2EC /* View */,
				10AB91B02CACD2C700BFA2EC /* ViewModel */,
				CA2B5D032CBA6F4C0070DEBF /* Helper */,
				10AB91B12CACD2D600BFA2EC /* Resource */,
				10AB91A52CACD29A00BFA2EC /* Preview Content */,
			);
			path = Modak;
			sourceTree = "<group>";
		};
		10AB91AE2CACD2AC00BFA2EC /* Model */ = {
			isa = PBXGroup;
			children = (
				CAB2BE412CC0A9BD0030C1F1 /* DailyLogs.swift */,
				CAB2BE3F2CC0A9720030C1F1 /* MonthlyLogs.swift */,
				10BCB0DD2CB81F2D0013E227 /* PhotoMetadata.swift */,
				10BCB0F32CBCB58B0013E227 /* Log.swift */,
				10BCB0DF2CB8206C0013E227 /* DBSCAN.swift */,
			);
			path = Model;
			sourceTree = "<group>";
		};
		10AB91AF2CACD2B400BFA2EC /* View */ = {
			isa = PBXGroup;
			children = (
				CA7C6EA92CB58FBC00254837 /* Main */,
				CA7C6EAA2CB58FD700254837 /* Tab */,
				10AB91D92CACDCD000BFA2EC /* Component */,
				10BE37762CB30CF9008D1DA1 /* RegisterView.swift */,
				10C0E7FD2CB4B88E00C7F3DE /* AuthorizationView.swift */,
				10C0E8072CB5593E00C7F3DE /* OrganizePhotoView.swift */,
				10BCB0F72CBCCABB0013E227 /* ExampleLogPileView.swift */,
				10F58EE42CD06C0D00BF9D34 /* JoinCampfireView.swift */,
				1093968C2CD294A9004C4EBD /* JoinCampfireByCameraView.swift */,
			);
			path = View;
			sourceTree = "<group>";
		};
		10AB91B02CACD2C700BFA2EC /* ViewModel */ = {
			isa = PBXGroup;
			children = (
				109396942CD29693004C4EBD /* CameraTextRecognizer */,
				10BCB0ED2CB84BCB0013E227 /* AuthorizationViewModel.swift */,
				10BCB0DB2CB81D410013E227 /* OrganizePhotoViewModel.swift */,
				10B0A66F2CBE6F820048C313 /* AppleSigninViewModel.swift */,
				1093968A2CD2879B004C4EBD /* JoinCampfireViewModel.swift */,
			);
			path = ViewModel;
			sourceTree = "<group>";
		};
		10AB91B12CACD2D600BFA2EC /* Resource */ = {
			isa = PBXGroup;
			children = (
				10BE37602CB306DC008D1DA1 /* Pretendard */,
				10AB91A62CACD29A00BFA2EC /* Assets.xcassets */,
				CAA76CB42CB38DEE00533C96 /* Colors.xcassets */,
				CAA76CCF2CB3BF0200533C96 /* Images.xcassets */,
			);
			path = Resource;
			sourceTree = "<group>";
		};
		10AB91B22CACD2E000BFA2EC /* App */ = {
			isa = PBXGroup;
			children = (
				CAB2BE2E2CBD49AB0030C1F1 /* CoordinatorView.swift */,
				10AB91A82CACD29A00BFA2EC /* ModakApp.swift */,
			);
			path = App;
			sourceTree = "<group>";
		};
		10AB91D92CACDCD000BFA2EC /* Component */ = {
			isa = PBXGroup;
			children = (
				CAB2BE352CBF520A0030C1F1 /* DrawPhoto.swift */,
				10BCB0E12CB825520013E227 /* BackButton.swift */,
				10BCB0E22CB825520013E227 /* BottomSheet.swift */,
				10BCB0E32CB825520013E227 /* CircularProgressBar.swift */,
				10BCB0E42CB825520013E227 /* CircularProgressPhoto.swift */,
				10BCB0E52CB825520013E227 /* OnboardingCard.swift */,
				10BCB0E62CB825520013E227 /* ProgressNumber.swift */,
				10BCB0FC2CBE14BC0013E227 /* AppleSigninButton.swift */,
				10F58EE62CD0891300BF9D34 /* SignTextEditor.swift */,
			);
			path = Component;
			sourceTree = "<group>";
		};
		10BE37602CB306DC008D1DA1 /* Pretendard */ = {
			isa = PBXGroup;
			children = (
				10BE37612CB30743008D1DA1 /* Pretendard-Black.otf */,
				10BE37622CB30743008D1DA1 /* Pretendard-Bold.otf */,
				10BE37632CB30743008D1DA1 /* Pretendard-ExtraBold.otf */,
				10BE37642CB30743008D1DA1 /* Pretendard-ExtraLight.otf */,
				10BE37652CB30743008D1DA1 /* Pretendard-Light.otf */,
				10BE37662CB30743008D1DA1 /* Pretendard-Medium.otf */,
				10BE37672CB30743008D1DA1 /* Pretendard-Regular.otf */,
				10BE37682CB30743008D1DA1 /* Pretendard-SemiBold.otf */,
				10BE37692CB30743008D1DA1 /* Pretendard-Thin.otf */,
			);
			path = Pretendard;
			sourceTree = "<group>";
		};
		CA2B5D032CBA6F4C0070DEBF /* Helper */ = {
			isa = PBXGroup;
			children = (
				CAB2BE4B2CC1ECD00030C1F1 /* UINavigationControllerExtension.swift */,
				CA2B5D0A2CBA70C00070DEBF /* ColorExtension.swift */,
				CA2B5D062CBA70210070DEBF /* LinearGradientExtension.swift */,
				CA2B5D042CBA6FBD0070DEBF /* DateExtension.swift */,
				10F58DBA2CC09D9300BF9D34 /* BundleExtension.swift */,
			);
			path = Helper;
			sourceTree = "<group>";
		};
		CA7C6EA92CB58FBC00254837 /* Main */ = {
			isa = PBXGroup;
			children = (
				10AB91A72CACD29A00BFA2EC /* ContentView.swift */,
			);
			path = Main;
			sourceTree = "<group>";
		};
		CA7C6EAA2CB58FD700254837 /* Tab */ = {
			isa = PBXGroup;
			children = (
				CAB2BE302CBD55870030C1F1 /* LogPile */,
				10AB91D52CACD7A100BFA2EC /* CampfireView.swift */,
				10AB91D32CACD79300BFA2EC /* ProfileView.swift */,
			);
			path = Tab;
			sourceTree = "<group>";
		};
		CAB2BE302CBD55870030C1F1 /* LogPile */ = {
			isa = PBXGroup;
			children = (
				10AB91D72CACD7AC00BFA2EC /* LogPileView.swift */,
				CA2B5D0E2CBAAE5C0070DEBF /* LogPileDetailView.swift */,
				CAB2BE312CBD55B50030C1F1 /* SelectedPhotoView.swift */,
			);
			path = LogPile;
			sourceTree = "<group>";
		};
/* End PBXGroup section */

/* Begin PBXNativeTarget section */
		10AB91702CACCE4F00BFA2EC /* Modak */ = {
			isa = PBXNativeTarget;
			buildConfigurationList = 10AB917F2CACCE5000BFA2EC /* Build configuration list for PBXNativeTarget "Modak" */;
			buildPhases = (
				10AB916D2CACCE4F00BFA2EC /* Sources */,
				10AB916E2CACCE4F00BFA2EC /* Frameworks */,
				10AB916F2CACCE4F00BFA2EC /* Resources */,
			);
			buildRules = (
			);
			dependencies = (
			);
			name = Modak;
			packageProductDependencies = (
				10F58DCE2CC0BE0C00BF9D34 /* FirebaseAnalytics */,
				10F58DD02CC0BE0C00BF9D34 /* FirebaseAnalyticsOnDeviceConversion */,
				10F58DD22CC0BE0C00BF9D34 /* FirebaseAnalyticsWithoutAdIdSupport */,
			);
			productName = Modak;
			productReference = 10AB91712CACCE4F00BFA2EC /* Modak.app */;
			productType = "com.apple.product-type.application";
		};
/* End PBXNativeTarget section */

/* Begin PBXProject section */
		10AB91692CACCE4F00BFA2EC /* Project object */ = {
			isa = PBXProject;
			attributes = {
				BuildIndependentTargetsInParallel = 1;
				LastSwiftUpdateCheck = 1600;
				LastUpgradeCheck = 1600;
				TargetAttributes = {
					10AB91702CACCE4F00BFA2EC = {
						CreatedOnToolsVersion = 16.0;
					};
				};
			};
			buildConfigurationList = 10AB916C2CACCE4F00BFA2EC /* Build configuration list for PBXProject "Modak" */;
			developmentRegion = en;
			hasScannedForEncodings = 0;
			knownRegions = (
				en,
				Base,
			);
			mainGroup = 10AB91682CACCE4F00BFA2EC;
			minimizedProjectReferenceProxies = 1;
			packageReferences = (
				10F58DCD2CC0BE0C00BF9D34 /* XCRemoteSwiftPackageReference "firebase-ios-sdk" */,
			);
			preferredProjectObjectVersion = 77;
			productRefGroup = 10AB91722CACCE4F00BFA2EC /* Products */;
			projectDirPath = "";
			projectRoot = "";
			targets = (
				10AB91702CACCE4F00BFA2EC /* Modak */,
			);
		};
/* End PBXProject section */

/* Begin PBXResourcesBuildPhase section */
		10AB916F2CACCE4F00BFA2EC /* Resources */ = {
			isa = PBXResourcesBuildPhase;
			buildActionMask = 2147483647;
			files = (
				CAA76CB52CB38DEE00533C96 /* Colors.xcassets in Resources */,
				CAA76CD02CB3BF0200533C96 /* Images.xcassets in Resources */,
				10AB91AA2CACD29A00BFA2EC /* Preview Assets.xcassets in Resources */,
				10F58DD72CC0D7F700BF9D34 /* GoogleService-Info.plist in Resources */,
				10BE376A2CB30743008D1DA1 /* Pretendard-Regular.otf in Resources */,
				10F58DC52CC0A8E400BF9D34 /* Debug.xcconfig in Resources */,
				10BE376B2CB30743008D1DA1 /* Pretendard-SemiBold.otf in Resources */,
				10BE376C2CB30743008D1DA1 /* Pretendard-ExtraLight.otf in Resources */,
				10BE376D2CB30743008D1DA1 /* Pretendard-Bold.otf in Resources */,
				10BE376E2CB30743008D1DA1 /* Pretendard-Thin.otf in Resources */,
				10BE376F2CB30743008D1DA1 /* Pretendard-ExtraBold.otf in Resources */,
				10BE37702CB30743008D1DA1 /* Pretendard-Black.otf in Resources */,
				10BE37712CB30743008D1DA1 /* Pretendard-Light.otf in Resources */,
				10BE37722CB30743008D1DA1 /* Pretendard-Medium.otf in Resources */,
				10AB91AB2CACD29A00BFA2EC /* Assets.xcassets in Resources */,
				10F58DB72CBFC81B00BF9D34 /* Release.xcconfig in Resources */,
			);
			runOnlyForDeploymentPostprocessing = 0;
		};
/* End PBXResourcesBuildPhase section */

/* Begin PBXSourcesBuildPhase section */
		10AB916D2CACCE4F00BFA2EC /* Sources */ = {
			isa = PBXSourcesBuildPhase;
			buildActionMask = 2147483647;
			files = (
				10F58EE72CD0891300BF9D34 /* SignTextEditor.swift in Sources */,
				1093968F2CD2950A004C4EBD /* CameraViewModel.swift in Sources */,
				CA2B5D052CBA6FDB0070DEBF /* DateExtension.swift in Sources */,
				CA2B5D072CBA70280070DEBF /* LinearGradientExtension.swift in Sources */,
				10BCB0EE2CB84BCB0013E227 /* AuthorizationViewModel.swift in Sources */,
				10BCB0DC2CB81D410013E227 /* OrganizePhotoViewModel.swift in Sources */,
				10AB91AC2CACD29A00BFA2EC /* ContentView.swift in Sources */,
				10BCB0F82CBCCABB0013E227 /* ExampleLogPileView.swift in Sources */,
				10BCB0E72CB825520013E227 /* BackButton.swift in Sources */,
				10B0A6702CBE6F820048C313 /* AppleSigninViewModel.swift in Sources */,
				10BCB0E82CB825520013E227 /* OnboardingCard.swift in Sources */,
				10BCB0F42CBCB58B0013E227 /* Log.swift in Sources */,
				10BCB0E92CB825520013E227 /* CircularProgressPhoto.swift in Sources */,
				10BCB0EA2CB825520013E227 /* CircularProgressBar.swift in Sources */,
				10BCB0EB2CB825520013E227 /* ProgressNumber.swift in Sources */,
				1093968D2CD294A9004C4EBD /* JoinCampfireByCameraView.swift in Sources */,
				109396912CD29615004C4EBD /* TextRecognizer.swift in Sources */,
				CAB2BE402CC0A9850030C1F1 /* MonthlyLogs.swift in Sources */,
				10F58EE52CD06C0D00BF9D34 /* JoinCampfireView.swift in Sources */,
				10BCB0EC2CB825520013E227 /* BottomSheet.swift in Sources */,
				109396932CD29680004C4EBD /* CameraGuidePreview.swift in Sources */,
				10BCB0E02CB8206C0013E227 /* DBSCAN.swift in Sources */,
				10BCB0FD2CBE14BC0013E227 /* AppleSigninButton.swift in Sources */,
				10AB91D42CACD79300BFA2EC /* ProfileView.swift in Sources */,
				CAB2BE422CC0A9D10030C1F1 /* DailyLogs.swift in Sources */,
				1093968B2CD2879B004C4EBD /* JoinCampfireViewModel.swift in Sources */,
				CA2B5D0F2CBAAE5C0070DEBF /* LogPileDetailView.swift in Sources */,
				10BE37772CB30CF9008D1DA1 /* RegisterView.swift in Sources */,
				CAB2BE322CBD55BB0030C1F1 /* SelectedPhotoView.swift in Sources */,
				CAB2BE362CBF527B0030C1F1 /* DrawPhoto.swift in Sources */,
				10AB91AD2CACD29A00BFA2EC /* ModakApp.swift in Sources */,
				10AB91D62CACD7A100BFA2EC /* CampfireView.swift in Sources */,
				10C0E7FE2CB4B88E00C7F3DE /* AuthorizationView.swift in Sources */,
				CAB2BE2F2CBD49BC0030C1F1 /* CoordinatorView.swift in Sources */,
				10AB91D82CACD7AC00BFA2EC /* LogPileView.swift in Sources */,
				10BCB0DE2CB81F2D0013E227 /* PhotoMetadata.swift in Sources */,
				CAB2BE4C2CC1ED1D0030C1F1 /* UINavigationControllerExtension.swift in Sources */,
				10C0E8082CB5593E00C7F3DE /* OrganizePhotoView.swift in Sources */,
				10F58DBB2CC09D9300BF9D34 /* BundleExtension.swift in Sources */,
				CA2B5D0B2CBA70C40070DEBF /* ColorExtension.swift in Sources */,
			);
			runOnlyForDeploymentPostprocessing = 0;
		};
/* End PBXSourcesBuildPhase section */

/* Begin XCBuildConfiguration section */
		10AB917D2CACCE5000BFA2EC /* Debug */ = {
			isa = XCBuildConfiguration;
			baseConfigurationReference = 10F58DC42CC0A8E400BF9D34 /* Debug.xcconfig */;
			buildSettings = {
				ALWAYS_SEARCH_USER_PATHS = NO;
				ASSETCATALOG_COMPILER_GENERATE_SWIFT_ASSET_SYMBOL_EXTENSIONS = YES;
				CLANG_ANALYZER_NONNULL = YES;
				CLANG_ANALYZER_NUMBER_OBJECT_CONVERSION = YES_AGGRESSIVE;
				CLANG_CXX_LANGUAGE_STANDARD = "gnu++20";
				CLANG_ENABLE_MODULES = YES;
				CLANG_ENABLE_OBJC_ARC = YES;
				CLANG_ENABLE_OBJC_WEAK = YES;
				CLANG_WARN_BLOCK_CAPTURE_AUTORELEASING = YES;
				CLANG_WARN_BOOL_CONVERSION = YES;
				CLANG_WARN_COMMA = YES;
				CLANG_WARN_CONSTANT_CONVERSION = YES;
				CLANG_WARN_DEPRECATED_OBJC_IMPLEMENTATIONS = YES;
				CLANG_WARN_DIRECT_OBJC_ISA_USAGE = YES_ERROR;
				CLANG_WARN_DOCUMENTATION_COMMENTS = YES;
				CLANG_WARN_EMPTY_BODY = YES;
				CLANG_WARN_ENUM_CONVERSION = YES;
				CLANG_WARN_INFINITE_RECURSION = YES;
				CLANG_WARN_INT_CONVERSION = YES;
				CLANG_WARN_NON_LITERAL_NULL_CONVERSION = YES;
				CLANG_WARN_OBJC_IMPLICIT_RETAIN_SELF = YES;
				CLANG_WARN_OBJC_LITERAL_CONVERSION = YES;
				CLANG_WARN_OBJC_ROOT_CLASS = YES_ERROR;
				CLANG_WARN_QUOTED_INCLUDE_IN_FRAMEWORK_HEADER = YES;
				CLANG_WARN_RANGE_LOOP_ANALYSIS = YES;
				CLANG_WARN_STRICT_PROTOTYPES = YES;
				CLANG_WARN_SUSPICIOUS_MOVE = YES;
				CLANG_WARN_UNGUARDED_AVAILABILITY = YES_AGGRESSIVE;
				CLANG_WARN_UNREACHABLE_CODE = YES;
				CLANG_WARN__DUPLICATE_METHOD_MATCH = YES;
				COPY_PHASE_STRIP = NO;
				DEBUG_INFORMATION_FORMAT = dwarf;
				ENABLE_STRICT_OBJC_MSGSEND = YES;
				ENABLE_TESTABILITY = YES;
				ENABLE_USER_SCRIPT_SANDBOXING = YES;
				GCC_C_LANGUAGE_STANDARD = gnu17;
				GCC_DYNAMIC_NO_PIC = NO;
				GCC_NO_COMMON_BLOCKS = YES;
				GCC_OPTIMIZATION_LEVEL = 0;
				GCC_PREPROCESSOR_DEFINITIONS = (
					"DEBUG=1",
					"$(inherited)",
				);
				GCC_WARN_64_TO_32_BIT_CONVERSION = YES;
				GCC_WARN_ABOUT_RETURN_TYPE = YES_ERROR;
				GCC_WARN_UNDECLARED_SELECTOR = YES;
				GCC_WARN_UNINITIALIZED_AUTOS = YES_AGGRESSIVE;
				GCC_WARN_UNUSED_FUNCTION = YES;
				GCC_WARN_UNUSED_VARIABLE = YES;
				IPHONEOS_DEPLOYMENT_TARGET = 18.0;
				LOCALIZATION_PREFERS_STRING_CATALOGS = YES;
				MTL_ENABLE_DEBUG_INFO = INCLUDE_SOURCE;
				MTL_FAST_MATH = YES;
				ONLY_ACTIVE_ARCH = YES;
				SDKROOT = iphoneos;
				SWIFT_ACTIVE_COMPILATION_CONDITIONS = "DEBUG $(inherited)";
				SWIFT_OPTIMIZATION_LEVEL = "-Onone";
			};
			name = Debug;
		};
		10AB917E2CACCE5000BFA2EC /* Release */ = {
			isa = XCBuildConfiguration;
			baseConfigurationReference = 10F58DB62CBFC81B00BF9D34 /* Release.xcconfig */;
			buildSettings = {
				ALWAYS_SEARCH_USER_PATHS = NO;
				ASSETCATALOG_COMPILER_GENERATE_SWIFT_ASSET_SYMBOL_EXTENSIONS = YES;
				CLANG_ANALYZER_NONNULL = YES;
				CLANG_ANALYZER_NUMBER_OBJECT_CONVERSION = YES_AGGRESSIVE;
				CLANG_CXX_LANGUAGE_STANDARD = "gnu++20";
				CLANG_ENABLE_MODULES = YES;
				CLANG_ENABLE_OBJC_ARC = YES;
				CLANG_ENABLE_OBJC_WEAK = YES;
				CLANG_WARN_BLOCK_CAPTURE_AUTORELEASING = YES;
				CLANG_WARN_BOOL_CONVERSION = YES;
				CLANG_WARN_COMMA = YES;
				CLANG_WARN_CONSTANT_CONVERSION = YES;
				CLANG_WARN_DEPRECATED_OBJC_IMPLEMENTATIONS = YES;
				CLANG_WARN_DIRECT_OBJC_ISA_USAGE = YES_ERROR;
				CLANG_WARN_DOCUMENTATION_COMMENTS = YES;
				CLANG_WARN_EMPTY_BODY = YES;
				CLANG_WARN_ENUM_CONVERSION = YES;
				CLANG_WARN_INFINITE_RECURSION = YES;
				CLANG_WARN_INT_CONVERSION = YES;
				CLANG_WARN_NON_LITERAL_NULL_CONVERSION = YES;
				CLANG_WARN_OBJC_IMPLICIT_RETAIN_SELF = YES;
				CLANG_WARN_OBJC_LITERAL_CONVERSION = YES;
				CLANG_WARN_OBJC_ROOT_CLASS = YES_ERROR;
				CLANG_WARN_QUOTED_INCLUDE_IN_FRAMEWORK_HEADER = YES;
				CLANG_WARN_RANGE_LOOP_ANALYSIS = YES;
				CLANG_WARN_STRICT_PROTOTYPES = YES;
				CLANG_WARN_SUSPICIOUS_MOVE = YES;
				CLANG_WARN_UNGUARDED_AVAILABILITY = YES_AGGRESSIVE;
				CLANG_WARN_UNREACHABLE_CODE = YES;
				CLANG_WARN__DUPLICATE_METHOD_MATCH = YES;
				COPY_PHASE_STRIP = NO;
				DEBUG_INFORMATION_FORMAT = "dwarf-with-dsym";
				ENABLE_NS_ASSERTIONS = NO;
				ENABLE_STRICT_OBJC_MSGSEND = YES;
				ENABLE_USER_SCRIPT_SANDBOXING = YES;
				GCC_C_LANGUAGE_STANDARD = gnu17;
				GCC_NO_COMMON_BLOCKS = YES;
				GCC_WARN_64_TO_32_BIT_CONVERSION = YES;
				GCC_WARN_ABOUT_RETURN_TYPE = YES_ERROR;
				GCC_WARN_UNDECLARED_SELECTOR = YES;
				GCC_WARN_UNINITIALIZED_AUTOS = YES_AGGRESSIVE;
				GCC_WARN_UNUSED_FUNCTION = YES;
				GCC_WARN_UNUSED_VARIABLE = YES;
				IPHONEOS_DEPLOYMENT_TARGET = 18.0;
				LOCALIZATION_PREFERS_STRING_CATALOGS = YES;
				MTL_ENABLE_DEBUG_INFO = NO;
				MTL_FAST_MATH = YES;
				ONLY_ACTIVE_ARCH = YES;
				SDKROOT = iphoneos;
				SWIFT_COMPILATION_MODE = wholemodule;
				VALIDATE_PRODUCT = YES;
			};
			name = Release;
		};
		10AB91802CACCE5000BFA2EC /* Debug */ = {
			isa = XCBuildConfiguration;
			baseConfigurationReference = 10F58DC42CC0A8E400BF9D34 /* Debug.xcconfig */;
			buildSettings = {
				ASSETCATALOG_COMPILER_APPICON_NAME = AppIcon;
				ASSETCATALOG_COMPILER_GLOBAL_ACCENT_COLOR_NAME = AccentColor;
				CODE_SIGN_ENTITLEMENTS = Modak/Modak.entitlements;
				CODE_SIGN_STYLE = Automatic;
				CURRENT_PROJECT_VERSION = 1;
				DEVELOPMENT_ASSET_PATHS = "\"Modak/Preview Content\"";
				DEVELOPMENT_TEAM = 3GB5WJ43G4;
				ENABLE_PREVIEWS = YES;
				GENERATE_INFOPLIST_FILE = YES;
				INFOPLIST_FILE = Modak/Info.plist;
				INFOPLIST_KEY_LSApplicationCategoryType = "";
				INFOPLIST_KEY_NSCameraUsageDescription = "카메라를 사용합니다.";
				INFOPLIST_KEY_NSPhotoLibraryUsageDescription = "최근 6개월 이내의 사진을 자동으로 정리하려면 사진 접근 권한이 필요합니다.";
				INFOPLIST_KEY_UIApplicationSceneManifest_Generation = YES;
				INFOPLIST_KEY_UIApplicationSupportsIndirectInputEvents = YES;
				INFOPLIST_KEY_UILaunchScreen_Generation = YES;
				INFOPLIST_KEY_UIRequiresFullScreen = YES;
				INFOPLIST_KEY_UISupportedInterfaceOrientations = UIInterfaceOrientationPortrait;
				IPHONEOS_DEPLOYMENT_TARGET = 17.0;
				LD_RUNPATH_SEARCH_PATHS = (
					"$(inherited)",
					"@executable_path/Frameworks",
				);
				MARKETING_VERSION = 1.0;
				PRODUCT_BUNDLE_IDENTIFIER = com.macrosoft.Modak;
				PRODUCT_NAME = "$(TARGET_NAME)";
				SDKROOT = iphoneos;
				SUPPORTED_PLATFORMS = "iphoneos iphonesimulator";
				SUPPORTS_MACCATALYST = NO;
				SUPPORTS_MAC_DESIGNED_FOR_IPHONE_IPAD = NO;
				SUPPORTS_XR_DESIGNED_FOR_IPHONE_IPAD = NO;
				SWIFT_EMIT_LOC_STRINGS = YES;
				SWIFT_VERSION = 5.0;
				TARGETED_DEVICE_FAMILY = "1,2";
			};
			name = Debug;
		};
		10AB91812CACCE5000BFA2EC /* Release */ = {
			isa = XCBuildConfiguration;
			baseConfigurationReference = 10F58DB62CBFC81B00BF9D34 /* Release.xcconfig */;
			buildSettings = {
				ASSETCATALOG_COMPILER_APPICON_NAME = AppIcon;
				ASSETCATALOG_COMPILER_GLOBAL_ACCENT_COLOR_NAME = AccentColor;
				CODE_SIGN_ENTITLEMENTS = Modak/Modak.entitlements;
				CODE_SIGN_STYLE = Automatic;
				CURRENT_PROJECT_VERSION = 1;
				DEVELOPMENT_ASSET_PATHS = "\"Modak/Preview Content\"";
				DEVELOPMENT_TEAM = 3GB5WJ43G4;
				ENABLE_PREVIEWS = YES;
				GENERATE_INFOPLIST_FILE = YES;
				INFOPLIST_FILE = Modak/Info.plist;
				INFOPLIST_KEY_LSApplicationCategoryType = "";
				INFOPLIST_KEY_NSCameraUsageDescription = "카메라를 사용합니다.";
				INFOPLIST_KEY_NSPhotoLibraryUsageDescription = "최근 6개월 이내의 사진을 자동으로 정리하려면 사진 접근 권한이 필요합니다.";
				INFOPLIST_KEY_UIApplicationSceneManifest_Generation = YES;
				INFOPLIST_KEY_UIApplicationSupportsIndirectInputEvents = YES;
				INFOPLIST_KEY_UILaunchScreen_Generation = YES;
				INFOPLIST_KEY_UIRequiresFullScreen = YES;
				INFOPLIST_KEY_UISupportedInterfaceOrientations = UIInterfaceOrientationPortrait;
				IPHONEOS_DEPLOYMENT_TARGET = 17.0;
				LD_RUNPATH_SEARCH_PATHS = (
					"$(inherited)",
					"@executable_path/Frameworks",
				);
				MARKETING_VERSION = 1.0;
				ONLY_ACTIVE_ARCH = YES;
				PRODUCT_BUNDLE_IDENTIFIER = com.macrosoft.Modak;
				PRODUCT_NAME = "$(TARGET_NAME)";
				SDKROOT = iphoneos;
				SUPPORTED_PLATFORMS = "iphoneos iphonesimulator";
				SUPPORTS_MACCATALYST = NO;
				SUPPORTS_MAC_DESIGNED_FOR_IPHONE_IPAD = NO;
				SUPPORTS_XR_DESIGNED_FOR_IPHONE_IPAD = NO;
				SWIFT_EMIT_LOC_STRINGS = YES;
				SWIFT_VERSION = 5.0;
				TARGETED_DEVICE_FAMILY = "1,2";
			};
			name = Release;
		};
/* End XCBuildConfiguration section */

/* Begin XCConfigurationList section */
		10AB916C2CACCE4F00BFA2EC /* Build configuration list for PBXProject "Modak" */ = {
			isa = XCConfigurationList;
			buildConfigurations = (
				10AB917D2CACCE5000BFA2EC /* Debug */,
				10AB917E2CACCE5000BFA2EC /* Release */,
			);
			defaultConfigurationIsVisible = 0;
			defaultConfigurationName = Release;
		};
		10AB917F2CACCE5000BFA2EC /* Build configuration list for PBXNativeTarget "Modak" */ = {
			isa = XCConfigurationList;
			buildConfigurations = (
				10AB91802CACCE5000BFA2EC /* Debug */,
				10AB91812CACCE5000BFA2EC /* Release */,
			);
			defaultConfigurationIsVisible = 0;
			defaultConfigurationName = Release;
		};
/* End XCConfigurationList section */

/* Begin XCRemoteSwiftPackageReference section */
		10F58DCD2CC0BE0C00BF9D34 /* XCRemoteSwiftPackageReference "firebase-ios-sdk" */ = {
			isa = XCRemoteSwiftPackageReference;
			repositoryURL = "https://github.com/firebase/firebase-ios-sdk";
			requirement = {
				kind = upToNextMajorVersion;
				minimumVersion = 11.3.0;
			};
		};
/* End XCRemoteSwiftPackageReference section */

/* Begin XCSwiftPackageProductDependency section */
		10F58DCE2CC0BE0C00BF9D34 /* FirebaseAnalytics */ = {
			isa = XCSwiftPackageProductDependency;
			package = 10F58DCD2CC0BE0C00BF9D34 /* XCRemoteSwiftPackageReference "firebase-ios-sdk" */;
			productName = FirebaseAnalytics;
		};
		10F58DD02CC0BE0C00BF9D34 /* FirebaseAnalyticsOnDeviceConversion */ = {
			isa = XCSwiftPackageProductDependency;
			package = 10F58DCD2CC0BE0C00BF9D34 /* XCRemoteSwiftPackageReference "firebase-ios-sdk" */;
			productName = FirebaseAnalyticsOnDeviceConversion;
		};
		10F58DD22CC0BE0C00BF9D34 /* FirebaseAnalyticsWithoutAdIdSupport */ = {
			isa = XCSwiftPackageProductDependency;
			package = 10F58DCD2CC0BE0C00BF9D34 /* XCRemoteSwiftPackageReference "firebase-ios-sdk" */;
			productName = FirebaseAnalyticsWithoutAdIdSupport;
		};
/* End XCSwiftPackageProductDependency section */
	};
	rootObject = 10AB91692CACCE4F00BFA2EC /* Project object */;
}
